# This file is autogenerated, do not edit; changes may be undone by the next 'dep ensure'.


[[projects]]
  branch = "fix/netlink-receive-done-error"
  name = "github.com/mdlayher/netlink"
  packages = [
    ".",
    "nlenc"
  ]
  revision = "82cd224094bbcd49205e8376df5f6d2a1f4c351d"
  source = "github.com/SpComb/mdlayher-netlink"

[[projects]]
  name = "github.com/qmsk/go-logging"
  packages = ["."]
  revision = "69543e686d5be4cd70a1628e49fbca86308e3fcb"
  version = "v0.1.0"

[[projects]]
  branch = "master"
  name = "golang.org/x/net"
  packages = ["bpf"]
  revision = "6078986fec03a1dcc236c34816c71b0e05018fda"

[[projects]]
  branch = "master"
  name = "golang.org/x/sys"
  packages = ["unix"]
  revision = "91ee8cde435411ca3f1cd365e8f20131aed4d0a1"

[solve-meta]
  analyzer-name = "dep"
  analyzer-version = 1
  inputs-digest = "7820992289f74b23a56da6c30ff16458cc95e5010986cbb1bb8591b061667755"
  solver-name = "gps-cdcl"
  solver-version = 1
